{
  "originHash" : "c00aa96a879b2bf8d7f476a42ead1e90737d74f5506a8d26beee969c67cbea30",
  "pins" : [
    {
      "identity" : "foundationmodelskit",
      "kind" : "remoteSourceControl",
      "location" : "https://github.com/rryam/FoundationModelsKit.git",
      "state" : {
        "branch" : "main",
        "revision" : "672f8231dff61364393bae04c84b1c921695eadc"
      }
    }
  ],
  "version" : 3
}
