{
  "originHash" : "fa174ac8cb56b4a73735e2dcdf0accd5fb6485ea67337c478e79934f46a5caed",
  "pins" : [
    {
      "identity" : "foundationmodelskit",
      "kind" : "remoteSourceControl",
      "location" : "https://github.com/rryam/FoundationModelsKit.git",
      "state" : {
        "revision" : "65834b11d6da41e4a2f51003eba930b211d6f031"
      }
    }
  ],
  "version" : 3
}
