{
  "originHash" : "f60a71bf264aa6760571a492b843020a8a046090688e3a9725f9de04a800696e",
  "pins" : [
    {
      "identity" : "foundationmodelskit",
      "kind" : "remoteSourceControl",
      "location" : "https://github.com/rryam/FoundationModelsKit.git",
      "state" : {
        "branch" : "main",
        "revision" : "672f8231dff61364393bae04c84b1c921695eadc"
      }
    },
    {
      "identity" : "swift-argument-parser",
      "kind" : "remoteSourceControl",
      "location" : "https://github.com/apple/swift-argument-parser.git",
      "state" : {
        "revision" : "6a52f3251125d74daf04fcbd5e6f08a75d074382",
        "version" : "1.8.2"
      }
    }
  ],
  "version" : 3
}
